
Microsoft Visual Studio Solution File, Format Version 12.00
# Visual Studio Version 16
VisualStudioVersion = 16.0.32002.261
MinimumVisualStudioVersion = 10.0.40219.1
Project("{FAE04EC0-301F-11D3-BF4B-00C04F79EFBC}") = "JoelHilton", "JoelHilton\JoelHilton.csproj", "{7FF565CA-5956-40AB-89B6-3425318207D7}"
EndProject
Global
	GlobalSection(SolutionConfigurationPlatforms) = preSolution
		Debug|Any CPU = Debug|Any CPU
		Release|Any CPU = Release|Any CPU
	EndGlobalSection
	GlobalSection(ProjectConfigurationPlatforms) = postSolution
		{7FF565CA-5956-40AB-89B6-3425318207D7}.Debug|Any CPU.ActiveCfg = Debug|Any CPU
		{7FF565CA-5956-40AB-89B6-3425318207D7}.Debug|Any CPU.Build.0 = Debug|Any CPU
		{7FF565CA-5956-40AB-89B6-3425318207D7}.Release|Any CPU.ActiveCfg = Release|Any CPU
		{7FF565CA-5956-40AB-89B6-3425318207D7}.Release|Any CPU.Build.0 = Release|Any CPU
	EndGlobalSection
	GlobalSection(SolutionProperties) = preSolution
		HideSolutionNode = FALSE
	EndGlobalSection
	GlobalSection(ExtensibilityGlobals) = postSolution
		SolutionGuid = {731236DC-2124-4302-8E6B-7466C373E5C2}
	EndGlobalSection
EndGlobal
